// !$*UTF8*$!
{
	archiveVersion = 1;
	classes = {
	};
	objectVersion = 46;
	objects = {

/* Begin PBXBuildFile section */
		1BE5BB4E3466251131892DF1 /* Pods_Flipt.framework in Frameworks */ = {isa = PBXBuildFile; fileRef = 289E912E12AD26367D00E285 /* Pods_Flipt.framework */; };
		8F0C4DEB1DFE574D0014E22C /* GoogleService-Info.plist in Resources */ = {isa = PBXBuildFile; fileRef = 8F0C4DEA1DFE574D0014E22C /* GoogleService-Info.plist */; };
		8F0C8C091E011628005A8E3C /* FirebaseApi.swift in Sources */ = {isa = PBXBuildFile; fileRef = 8F0C8C081E011628005A8E3C /* FirebaseApi.swift */; };
		8F0C8C151E0243CC005A8E3C /* UIConstants.swift in Sources */ = {isa = PBXBuildFile; fileRef = 8F0C8C141E0243CC005A8E3C /* UIConstants.swift */; };
		8F30E6081DE78448008F5ED0 /* BookDetailViewController.swift in Sources */ = {isa = PBXBuildFile; fileRef = 8F30E6071DE78448008F5ED0 /* BookDetailViewController.swift */; };
		8F41564C1DE8C82E00463E6D /* ExploreViewController.swift in Sources */ = {isa = PBXBuildFile; fileRef = 8F41564B1DE8C82E00463E6D /* ExploreViewController.swift */; };
		8F41564E1DE8C92000463E6D /* BookDataStore.swift in Sources */ = {isa = PBXBuildFile; fileRef = 8F41564D1DE8C92000463E6D /* BookDataStore.swift */; };
		8F500EAB1DF872CB006DA5EB /* FliptAPIClient.swift in Sources */ = {isa = PBXBuildFile; fileRef = 8F500EAA1DF872CB006DA5EB /* FliptAPIClient.swift */; };
		8F500EAD1DF88257006DA5EB /* UserStore.swift in Sources */ = {isa = PBXBuildFile; fileRef = 8F500EAC1DF88256006DA5EB /* UserStore.swift */; };
		8F500EAF1DF8965F006DA5EB /* LoginViewController.swift in Sources */ = {isa = PBXBuildFile; fileRef = 8F500EAE1DF8965F006DA5EB /* LoginViewController.swift */; };
		8F500EB21DF89B27006DA5EB /* LoginView.swift in Sources */ = {isa = PBXBuildFile; fileRef = 8F500EB11DF89B27006DA5EB /* LoginView.swift */; };
		8F68D9F71E144DC8006F842D /* SinchClient.swift in Sources */ = {isa = PBXBuildFile; fileRef = 8F68D9F61E144DC8006F842D /* SinchClient.swift */; };
		8F7B59B31E14EC4E00EB1F5D /* Message.swift in Sources */ = {isa = PBXBuildFile; fileRef = 8F7B59B21E14EC4E00EB1F5D /* Message.swift */; };
		8F7D97621DE40F120053182D /* ProfileViewController.swift in Sources */ = {isa = PBXBuildFile; fileRef = 8F7D97611DE40F120053182D /* ProfileViewController.swift */; };
		8F7D97671DE416240053182D /* BookCollectionViewCell.swift in Sources */ = {isa = PBXBuildFile; fileRef = 8F7D97661DE416240053182D /* BookCollectionViewCell.swift */; };
		8F8673851E033DC300A0CF08 /* RegisterView.swift in Sources */ = {isa = PBXBuildFile; fileRef = 8F8673841E033DC300A0CF08 /* RegisterView.swift */; };
		8F8673871E085EF700A0CF08 /* FliptTabBarController.swift in Sources */ = {isa = PBXBuildFile; fileRef = 8F8673861E085EF700A0CF08 /* FliptTabBarController.swift */; };
		8F8673891E087AA200A0CF08 /* User.swift in Sources */ = {isa = PBXBuildFile; fileRef = 8F8673881E087AA200A0CF08 /* User.swift */; };
		8F86FD741DEE869C00C1D3FE /* ProfileHeaderView.swift in Sources */ = {isa = PBXBuildFile; fileRef = 8F86FD731DEE869C00C1D3FE /* ProfileHeaderView.swift */; };
		8F86FD761DEE8B2A00C1D3FE /* GoogleBooksApi.swift in Sources */ = {isa = PBXBuildFile; fileRef = 8F86FD751DEE8B2A00C1D3FE /* GoogleBooksApi.swift */; };
		8F86FD781DEEA63000C1D3FE /* ScanViewController.swift in Sources */ = {isa = PBXBuildFile; fileRef = 8F86FD771DEEA63000C1D3FE /* ScanViewController.swift */; };
		8F8BBC171DC00321006789E9 /* AppDelegate.swift in Sources */ = {isa = PBXBuildFile; fileRef = 8F8BBC161DC00321006789E9 /* AppDelegate.swift */; };
		8F8BBC1C1DC00321006789E9 /* Main.storyboard in Resources */ = {isa = PBXBuildFile; fileRef = 8F8BBC1A1DC00321006789E9 /* Main.storyboard */; };
		8F8BBC1E1DC00321006789E9 /* Assets.xcassets in Resources */ = {isa = PBXBuildFile; fileRef = 8F8BBC1D1DC00321006789E9 /* Assets.xcassets */; };
		8F8BBC211DC00321006789E9 /* LaunchScreen.storyboard in Resources */ = {isa = PBXBuildFile; fileRef = 8F8BBC1F1DC00321006789E9 /* LaunchScreen.storyboard */; };
		8F8BBC2B1DC0060E006789E9 /* Constants.swift in Sources */ = {isa = PBXBuildFile; fileRef = 8F8BBC2A1DC0060E006789E9 /* Constants.swift */; };
		8F8BBC2D1DC0062B006789E9 /* OpenLibraryApi.swift in Sources */ = {isa = PBXBuildFile; fileRef = 8F8BBC2C1DC0062B006789E9 /* OpenLibraryApi.swift */; };
		8F8BBC2F1DC00662006789E9 /* Book.swift in Sources */ = {isa = PBXBuildFile; fileRef = 8F8BBC2E1DC00662006789E9 /* Book.swift */; };
		8FB7803E1E130A59001372F9 /* MsgClient.swift in Sources */ = {isa = PBXBuildFile; fileRef = 8FB7803D1E130A59001372F9 /* MsgClient.swift */; };
		8FB781EA1E138418001372F9 /* Chat.swift in Sources */ = {isa = PBXBuildFile; fileRef = 8FB781E91E138418001372F9 /* Chat.swift */; };
		8FD1B0B51DED3439006BC634 /* Flipt.xcdatamodeld in Sources */ = {isa = PBXBuildFile; fileRef = 8FD1B0B31DED3439006BC634 /* Flipt.xcdatamodeld */; };
		8FF7A0131E105451006175D0 /* ChatsViewController.swift in Sources */ = {isa = PBXBuildFile; fileRef = 8FF7A0121E105451006175D0 /* ChatsViewController.swift */; };
		8FF7A0151E107105006175D0 /* MessagesViewController.swift in Sources */ = {isa = PBXBuildFile; fileRef = 8FF7A0141E107105006175D0 /* MessagesViewController.swift */; };
/* End PBXBuildFile section */

/* Begin PBXFileReference section */
		124827AE2AA8658186F92F89 /* Pods-Flipt.release.xcconfig */ = {isa = PBXFileReference; includeInIndex = 1; lastKnownFileType = text.xcconfig; name = "Pods-Flipt.release.xcconfig"; path = "Pods/Target Support Files/Pods-Flipt/Pods-Flipt.release.xcconfig"; sourceTree = "<group>"; };
		289E912E12AD26367D00E285 /* Pods_Flipt.framework */ = {isa = PBXFileReference; explicitFileType = wrapper.framework; includeInIndex = 0; path = Pods_Flipt.framework; sourceTree = BUILT_PRODUCTS_DIR; };
		8BF872087DFB1D785703AED9 /* Pods-Flipt.debug.xcconfig */ = {isa = PBXFileReference; includeInIndex = 1; lastKnownFileType = text.xcconfig; name = "Pods-Flipt.debug.xcconfig"; path = "Pods/Target Support Files/Pods-Flipt/Pods-Flipt.debug.xcconfig"; sourceTree = "<group>"; };
		8F0C4DEA1DFE574D0014E22C /* GoogleService-Info.plist */ = {isa = PBXFileReference; fileEncoding = 4; lastKnownFileType = text.plist.xml; name = "GoogleService-Info.plist"; path = "../GoogleService-Info.plist"; sourceTree = "<group>"; };
		8F0C8C081E011628005A8E3C /* FirebaseApi.swift */ = {isa = PBXFileReference; fileEncoding = 4; lastKnownFileType = sourcecode.swift; path = FirebaseApi.swift; sourceTree = "<group>"; };
		8F0C8C141E0243CC005A8E3C /* UIConstants.swift */ = {isa = PBXFileReference; fileEncoding = 4; lastKnownFileType = sourcecode.swift; path = UIConstants.swift; sourceTree = "<group>"; };
		8F30E6071DE78448008F5ED0 /* BookDetailViewController.swift */ = {isa = PBXFileReference; fileEncoding = 4; lastKnownFileType = sourcecode.swift; path = BookDetailViewController.swift; sourceTree = "<group>"; };
		8F41564B1DE8C82E00463E6D /* ExploreViewController.swift */ = {isa = PBXFileReference; fileEncoding = 4; lastKnownFileType = sourcecode.swift; path = ExploreViewController.swift; sourceTree = "<group>"; };
		8F41564D1DE8C92000463E6D /* BookDataStore.swift */ = {isa = PBXFileReference; fileEncoding = 4; lastKnownFileType = sourcecode.swift; path = BookDataStore.swift; sourceTree = "<group>"; };
		8F500EAA1DF872CB006DA5EB /* FliptAPIClient.swift */ = {isa = PBXFileReference; fileEncoding = 4; lastKnownFileType = sourcecode.swift; path = FliptAPIClient.swift; sourceTree = "<group>"; };
		8F500EAC1DF88256006DA5EB /* UserStore.swift */ = {isa = PBXFileReference; fileEncoding = 4; lastKnownFileType = sourcecode.swift; path = UserStore.swift; sourceTree = "<group>"; };
		8F500EAE1DF8965F006DA5EB /* LoginViewController.swift */ = {isa = PBXFileReference; fileEncoding = 4; lastKnownFileType = sourcecode.swift; path = LoginViewController.swift; sourceTree = "<group>"; };
		8F500EB11DF89B27006DA5EB /* LoginView.swift */ = {isa = PBXFileReference; fileEncoding = 4; lastKnownFileType = sourcecode.swift; path = LoginView.swift; sourceTree = "<group>"; };
		8F68D9F61E144DC8006F842D /* SinchClient.swift */ = {isa = PBXFileReference; fileEncoding = 4; lastKnownFileType = sourcecode.swift; path = SinchClient.swift; sourceTree = "<group>"; };
		8F7B59B21E14EC4E00EB1F5D /* Message.swift */ = {isa = PBXFileReference; fileEncoding = 4; lastKnownFileType = sourcecode.swift; path = Message.swift; sourceTree = "<group>"; };
		8F7D97611DE40F120053182D /* ProfileViewController.swift */ = {isa = PBXFileReference; fileEncoding = 4; lastKnownFileType = sourcecode.swift; path = ProfileViewController.swift; sourceTree = "<group>"; };
		8F7D97661DE416240053182D /* BookCollectionViewCell.swift */ = {isa = PBXFileReference; fileEncoding = 4; lastKnownFileType = sourcecode.swift; path = BookCollectionViewCell.swift; sourceTree = "<group>"; };
		8F8673841E033DC300A0CF08 /* RegisterView.swift */ = {isa = PBXFileReference; fileEncoding = 4; lastKnownFileType = sourcecode.swift; path = RegisterView.swift; sourceTree = "<group>"; };
		8F8673861E085EF700A0CF08 /* FliptTabBarController.swift */ = {isa = PBXFileReference; fileEncoding = 4; lastKnownFileType = sourcecode.swift; path = FliptTabBarController.swift; sourceTree = "<group>"; };
		8F8673881E087AA200A0CF08 /* User.swift */ = {isa = PBXFileReference; fileEncoding = 4; lastKnownFileType = sourcecode.swift; path = User.swift; sourceTree = "<group>"; };
		8F86FD731DEE869C00C1D3FE /* ProfileHeaderView.swift */ = {isa = PBXFileReference; fileEncoding = 4; lastKnownFileType = sourcecode.swift; path = ProfileHeaderView.swift; sourceTree = "<group>"; };
		8F86FD751DEE8B2A00C1D3FE /* GoogleBooksApi.swift */ = {isa = PBXFileReference; fileEncoding = 4; lastKnownFileType = sourcecode.swift; path = GoogleBooksApi.swift; sourceTree = "<group>"; };
		8F86FD771DEEA63000C1D3FE /* ScanViewController.swift */ = {isa = PBXFileReference; fileEncoding = 4; lastKnownFileType = sourcecode.swift; path = ScanViewController.swift; sourceTree = "<group>"; };
		8F8BBC131DC00321006789E9 /* Flipt.app */ = {isa = PBXFileReference; explicitFileType = wrapper.application; includeInIndex = 0; path = Flipt.app; sourceTree = BUILT_PRODUCTS_DIR; };
		8F8BBC161DC00321006789E9 /* AppDelegate.swift */ = {isa = PBXFileReference; lastKnownFileType = sourcecode.swift; path = AppDelegate.swift; sourceTree = "<group>"; };
		8F8BBC1B1DC00321006789E9 /* Base */ = {isa = PBXFileReference; lastKnownFileType = file.storyboard; name = Base; path = Base.lproj/Main.storyboard; sourceTree = "<group>"; };
		8F8BBC1D1DC00321006789E9 /* Assets.xcassets */ = {isa = PBXFileReference; lastKnownFileType = folder.assetcatalog; path = Assets.xcassets; sourceTree = "<group>"; };
		8F8BBC201DC00321006789E9 /* Base */ = {isa = PBXFileReference; lastKnownFileType = file.storyboard; name = Base; path = Base.lproj/LaunchScreen.storyboard; sourceTree = "<group>"; };
		8F8BBC221DC00321006789E9 /* Info.plist */ = {isa = PBXFileReference; lastKnownFileType = text.plist.xml; path = Info.plist; sourceTree = "<group>"; };
		8F8BBC2A1DC0060E006789E9 /* Constants.swift */ = {isa = PBXFileReference; fileEncoding = 4; lastKnownFileType = sourcecode.swift; path = Constants.swift; sourceTree = "<group>"; };
		8F8BBC2C1DC0062B006789E9 /* OpenLibraryApi.swift */ = {isa = PBXFileReference; fileEncoding = 4; lastKnownFileType = sourcecode.swift; path = OpenLibraryApi.swift; sourceTree = "<group>"; };
		8F8BBC2E1DC00662006789E9 /* Book.swift */ = {isa = PBXFileReference; fileEncoding = 4; lastKnownFileType = sourcecode.swift; path = Book.swift; sourceTree = "<group>"; };
		8F8BBC341DC00850006789E9 /* Flipt.entitlements */ = {isa = PBXFileReference; lastKnownFileType = text.plist.entitlements; path = Flipt.entitlements; sourceTree = "<group>"; };
		8FB7803D1E130A59001372F9 /* MsgClient.swift */ = {isa = PBXFileReference; fileEncoding = 4; lastKnownFileType = sourcecode.swift; path = MsgClient.swift; sourceTree = "<group>"; };
		8FB781E91E138418001372F9 /* Chat.swift */ = {isa = PBXFileReference; fileEncoding = 4; lastKnownFileType = sourcecode.swift; path = Chat.swift; sourceTree = "<group>"; };
		8FD1B0B41DED3439006BC634 /* Flipt.xcdatamodel */ = {isa = PBXFileReference; lastKnownFileType = wrapper.xcdatamodel; path = Flipt.xcdatamodel; sourceTree = "<group>"; };
		8FF7A0121E105451006175D0 /* ChatsViewController.swift */ = {isa = PBXFileReference; fileEncoding = 4; lastKnownFileType = sourcecode.swift; path = ChatsViewController.swift; sourceTree = "<group>"; };
		8FF7A0141E107105006175D0 /* MessagesViewController.swift */ = {isa = PBXFileReference; fileEncoding = 4; lastKnownFileType = sourcecode.swift; path = MessagesViewController.swift; sourceTree = "<group>"; };
/* End PBXFileReference section */

/* Begin PBXFrameworksBuildPhase section */
		8F8BBC101DC00321006789E9 /* Frameworks */ = {
			isa = PBXFrameworksBuildPhase;
			buildActionMask = 2147483647;
			files = (
				1BE5BB4E3466251131892DF1 /* Pods_Flipt.framework in Frameworks */,
			);
			runOnlyForDeploymentPostprocessing = 0;
		};
/* End PBXFrameworksBuildPhase section */

/* Begin PBXGroup section */
		0F9EE707330726BE0B4FB3D1 /* Frameworks */ = {
			isa = PBXGroup;
			children = (
				289E912E12AD26367D00E285 /* Pods_Flipt.framework */,
			);
			name = Frameworks;
			sourceTree = "<group>";
		};
		8F0C4DEC1DFE5C370014E22C /* Login */ = {
			isa = PBXGroup;
			children = (
				8F500EAE1DF8965F006DA5EB /* LoginViewController.swift */,
			);
			name = Login;
			sourceTree = "<group>";
		};
		8F0C4DED1DFE5C3F0014E22C /* Scanner */ = {
			isa = PBXGroup;
			children = (
				8F86FD771DEEA63000C1D3FE /* ScanViewController.swift */,
			);
			name = Scanner;
			sourceTree = "<group>";
		};
		8F0C4DEE1DFE5C4B0014E22C /* Explore */ = {
			isa = PBXGroup;
			children = (
				8F41564B1DE8C82E00463E6D /* ExploreViewController.swift */,
			);
			name = Explore;
			sourceTree = "<group>";
		};
		8F0C4DEF1DFE5C620014E22C /* ProfileViewController */ = {
			isa = PBXGroup;
			children = (
				8F7D97611DE40F120053182D /* ProfileViewController.swift */,
			);
			name = ProfileViewController;
			sourceTree = "<group>";
		};
		8F0C8C0B1E02406A005A8E3C /* Resources */ = {
			isa = PBXGroup;
			children = (
				8F0C4DEA1DFE574D0014E22C /* GoogleService-Info.plist */,
				8FD1B0B31DED3439006BC634 /* Flipt.xcdatamodeld */,
				8F8BBC341DC00850006789E9 /* Flipt.entitlements */,
				8F8BBC1A1DC00321006789E9 /* Main.storyboard */,
				8F8BBC1F1DC00321006789E9 /* LaunchScreen.storyboard */,
				8F8BBC221DC00321006789E9 /* Info.plist */,
			);
			name = Resources;
			sourceTree = "<group>";
		};
		8F500EB01DF89B1B006DA5EB /* Views */ = {
			isa = PBXGroup;
			children = (
				8F86FD731DEE869C00C1D3FE /* ProfileHeaderView.swift */,
				8F500EB11DF89B27006DA5EB /* LoginView.swift */,
				8F8673841E033DC300A0CF08 /* RegisterView.swift */,
			);
			name = Views;
			sourceTree = "<group>";
		};
		8F7D97631DE414D50053182D /* Controllers */ = {
			isa = PBXGroup;
			children = (
				8F0C4DEE1DFE5C4B0014E22C /* Explore */,
				8F0C4DEF1DFE5C620014E22C /* ProfileViewController */,
				8F30E6071DE78448008F5ED0 /* BookDetailViewController.swift */,
				8F7D97661DE416240053182D /* BookCollectionViewCell.swift */,
				8F0C4DED1DFE5C3F0014E22C /* Scanner */,
				8F0C4DEC1DFE5C370014E22C /* Login */,
				8FF7A0121E105451006175D0 /* ChatsViewController.swift */,
				8FF7A0141E107105006175D0 /* MessagesViewController.swift */,
			);
			name = Controllers;
			sourceTree = "<group>";
		};
		8F7D97641DE414DD0053182D /* Models */ = {
			isa = PBXGroup;
			children = (
				8F8BBC2E1DC00662006789E9 /* Book.swift */,
				8F8673881E087AA200A0CF08 /* User.swift */,
				8FB781E91E138418001372F9 /* Chat.swift */,
				8F7B59B21E14EC4E00EB1F5D /* Message.swift */,
			);
			name = Models;
			sourceTree = "<group>";
		};
		8F7D97651DE414E40053182D /* ApiClient */ = {
			isa = PBXGroup;
			children = (
				8F8BBC2C1DC0062B006789E9 /* OpenLibraryApi.swift */,
				8F86FD751DEE8B2A00C1D3FE /* GoogleBooksApi.swift */,
				8F41564D1DE8C92000463E6D /* BookDataStore.swift */,
				8F500EAA1DF872CB006DA5EB /* FliptAPIClient.swift */,
				8F500EAC1DF88256006DA5EB /* UserStore.swift */,
				8F0C8C081E011628005A8E3C /* FirebaseApi.swift */,
				8F68D9F61E144DC8006F842D /* SinchClient.swift */,
				8FB7803D1E130A59001372F9 /* MsgClient.swift */,
			);
			name = ApiClient;
			sourceTree = "<group>";
		};
		8F8BBC0A1DC00321006789E9 = {
			isa = PBXGroup;
			children = (
				8F8BBC151DC00321006789E9 /* Flipt */,
				8F8BBC141DC00321006789E9 /* Products */,
				C37CFDFB20DE422FD0DA22D1 /* Pods */,
				0F9EE707330726BE0B4FB3D1 /* Frameworks */,
			);
			sourceTree = "<group>";
		};
		8F8BBC141DC00321006789E9 /* Products */ = {
			isa = PBXGroup;
			children = (
				8F8BBC131DC00321006789E9 /* Flipt.app */,
			);
			name = Products;
			sourceTree = "<group>";
		};
		8F8BBC151DC00321006789E9 /* Flipt */ = {
			isa = PBXGroup;
			children = (
				8F8BBC2A1DC0060E006789E9 /* Constants.swift */,
				8F8BBC161DC00321006789E9 /* AppDelegate.swift */,
				8F8673861E085EF700A0CF08 /* FliptTabBarController.swift */,
				8F500EB01DF89B1B006DA5EB /* Views */,
				8F7D97651DE414E40053182D /* ApiClient */,
				8F7D97641DE414DD0053182D /* Models */,
				8F7D97631DE414D50053182D /* Controllers */,
				8F0C8C0B1E02406A005A8E3C /* Resources */,
				8F8BBC1D1DC00321006789E9 /* Assets.xcassets */,
				8F0C8C141E0243CC005A8E3C /* UIConstants.swift */,
			);
			path = Flipt;
			sourceTree = "<group>";
		};
		C37CFDFB20DE422FD0DA22D1 /* Pods */ = {
			isa = PBXGroup;
			children = (
				8BF872087DFB1D785703AED9 /* Pods-Flipt.debug.xcconfig */,
				124827AE2AA8658186F92F89 /* Pods-Flipt.release.xcconfig */,
			);
			name = Pods;
			sourceTree = "<group>";
		};
/* End PBXGroup section */

/* Begin PBXNativeTarget section */
		8F8BBC121DC00321006789E9 /* Flipt */ = {
			isa = PBXNativeTarget;
			buildConfigurationList = 8F8BBC251DC00321006789E9 /* Build configuration list for PBXNativeTarget "Flipt" */;
			buildPhases = (
				EDC851DAE27D7748EA5162D8 /* [CP] Check Pods Manifest.lock */,
				8F8BBC0F1DC00321006789E9 /* Sources */,
				8F8BBC101DC00321006789E9 /* Frameworks */,
				8F8BBC111DC00321006789E9 /* Resources */,
				A30AA2A18995828451F2E22E /* [CP] Embed Pods Frameworks */,
				65390F386DE1ED767CF84A62 /* [CP] Copy Pods Resources */,
				8F0C8C0A1E023D06005A8E3C /* ShellScript */,
			);
			buildRules = (
			);
			dependencies = (
			);
			name = Flipt;
			productName = Flipt;
			productReference = 8F8BBC131DC00321006789E9 /* Flipt.app */;
			productType = "com.apple.product-type.application";
		};
/* End PBXNativeTarget section */

/* Begin PBXProject section */
		8F8BBC0B1DC00321006789E9 /* Project object */ = {
			isa = PBXProject;
			attributes = {
				LastSwiftUpdateCheck = 0800;
				LastUpgradeCheck = 0820;
				ORGANIZATIONNAME = "Johann Kerr";
				TargetAttributes = {
					8F8BBC121DC00321006789E9 = {
						CreatedOnToolsVersion = 8.0;
						DevelopmentTeam = WNAGBXF4G9;
						ProvisioningStyle = Automatic;
						SystemCapabilities = {
							com.apple.Keychain = {
								enabled = 1;
							};
						};
					};
				};
			};
			buildConfigurationList = 8F8BBC0E1DC00321006789E9 /* Build configuration list for PBXProject "Flipt" */;
			compatibilityVersion = "Xcode 3.2";
			developmentRegion = English;
			hasScannedForEncodings = 0;
			knownRegions = (
				en,
				Base,
			);
			mainGroup = 8F8BBC0A1DC00321006789E9;
			productRefGroup = 8F8BBC141DC00321006789E9 /* Products */;
			projectDirPath = "";
			projectRoot = "";
			targets = (
				8F8BBC121DC00321006789E9 /* Flipt */,
			);
		};
/* End PBXProject section */

/* Begin PBXResourcesBuildPhase section */
		8F8BBC111DC00321006789E9 /* Resources */ = {
			isa = PBXResourcesBuildPhase;
			buildActionMask = 2147483647;
			files = (
				8F8BBC211DC00321006789E9 /* LaunchScreen.storyboard in Resources */,
				8F0C4DEB1DFE574D0014E22C /* GoogleService-Info.plist in Resources */,
				8F8BBC1E1DC00321006789E9 /* Assets.xcassets in Resources */,
				8F8BBC1C1DC00321006789E9 /* Main.storyboard in Resources */,
			);
			runOnlyForDeploymentPostprocessing = 0;
		};
/* End PBXResourcesBuildPhase section */

/* Begin PBXShellScriptBuildPhase section */
		65390F386DE1ED767CF84A62 /* [CP] Copy Pods Resources */ = {
			isa = PBXShellScriptBuildPhase;
			buildActionMask = 2147483647;
			files = (
			);
			inputPaths = (
			);
			name = "[CP] Copy Pods Resources";
			outputPaths = (
			);
			runOnlyForDeploymentPostprocessing = 0;
			shellPath = /bin/sh;
			shellScript = "\"${SRCROOT}/Pods/Target Support Files/Pods-Flipt/Pods-Flipt-resources.sh\"\n";
			showEnvVarsInLog = 0;
		};
		8F0C8C0A1E023D06005A8E3C /* ShellScript */ = {
			isa = PBXShellScriptBuildPhase;
			buildActionMask = 2147483647;
			files = (
			);
			inputPaths = (
			);
			outputPaths = (
			);
			runOnlyForDeploymentPostprocessing = 0;
			shellPath = /bin/sh;
			shellScript = "\"${PODS_ROOT}/Fabric/run\" 2f9f339131b9905b1efd68260056a6fe6e8e88b8 9130b191a9d1b624608e27f27803ab3c7520c92ba3cbb0c1d055fab414d386cb\n";
		};
		A30AA2A18995828451F2E22E /* [CP] Embed Pods Frameworks */ = {
			isa = PBXShellScriptBuildPhase;
			buildActionMask = 2147483647;
			files = (
			);
			inputPaths = (
			);
			name = "[CP] Embed Pods Frameworks";
			outputPaths = (
			);
			runOnlyForDeploymentPostprocessing = 0;
			shellPath = /bin/sh;
			shellScript = "\"${SRCROOT}/Pods/Target Support Files/Pods-Flipt/Pods-Flipt-frameworks.sh\"\n";
			showEnvVarsInLog = 0;
		};
		EDC851DAE27D7748EA5162D8 /* [CP] Check Pods Manifest.lock */ = {
			isa = PBXShellScriptBuildPhase;
			buildActionMask = 2147483647;
			files = (
			);
			inputPaths = (
			);
			name = "[CP] Check Pods Manifest.lock";
			outputPaths = (
			);
			runOnlyForDeploymentPostprocessing = 0;
			shellPath = /bin/sh;
			shellScript = "diff \"${PODS_ROOT}/../Podfile.lock\" \"${PODS_ROOT}/Manifest.lock\" > /dev/null\nif [ $? != 0 ] ; then\n    # print error to STDERR\n    echo \"error: The sandbox is not in sync with the Podfile.lock. Run 'pod install' or update your CocoaPods installation.\" >&2\n    exit 1\nfi\n";
			showEnvVarsInLog = 0;
		};
/* End PBXShellScriptBuildPhase section */

/* Begin PBXSourcesBuildPhase section */
		8F8BBC0F1DC00321006789E9 /* Sources */ = {
			isa = PBXSourcesBuildPhase;
			buildActionMask = 2147483647;
			files = (
				8F8BBC2D1DC0062B006789E9 /* OpenLibraryApi.swift in Sources */,
				8F8673851E033DC300A0CF08 /* RegisterView.swift in Sources */,
				8F500EAB1DF872CB006DA5EB /* FliptAPIClient.swift in Sources */,
				8FD1B0B51DED3439006BC634 /* Flipt.xcdatamodeld in Sources */,
				8F0C8C091E011628005A8E3C /* FirebaseApi.swift in Sources */,
				8F500EAD1DF88257006DA5EB /* UserStore.swift in Sources */,
				8FF7A0151E107105006175D0 /* MessagesViewController.swift in Sources */,
				8F7D97671DE416240053182D /* BookCollectionViewCell.swift in Sources */,
				8F41564C1DE8C82E00463E6D /* ExploreViewController.swift in Sources */,
				8F0C8C151E0243CC005A8E3C /* UIConstants.swift in Sources */,
				8F86FD781DEEA63000C1D3FE /* ScanViewController.swift in Sources */,
				8F8673891E087AA200A0CF08 /* User.swift in Sources */,
				8F86FD761DEE8B2A00C1D3FE /* GoogleBooksApi.swift in Sources */,
				8F7B59B31E14EC4E00EB1F5D /* Message.swift in Sources */,
				8FB781EA1E138418001372F9 /* Chat.swift in Sources */,
				8F86FD741DEE869C00C1D3FE /* ProfileHeaderView.swift in Sources */,
				8FB7803E1E130A59001372F9 /* MsgClient.swift in Sources */,
				8F8BBC171DC00321006789E9 /* AppDelegate.swift in Sources */,
				8F68D9F71E144DC8006F842D /* SinchClient.swift in Sources */,
				8F8673871E085EF700A0CF08 /* FliptTabBarController.swift in Sources */,
				8F500EB21DF89B27006DA5EB /* LoginView.swift in Sources */,
				8F7D97621DE40F120053182D /* ProfileViewController.swift in Sources */,
				8F30E6081DE78448008F5ED0 /* BookDetailViewController.swift in Sources */,
				8F500EAF1DF8965F006DA5EB /* LoginViewController.swift in Sources */,
				8F8BBC2F1DC00662006789E9 /* Book.swift in Sources */,
				8F8BBC2B1DC0060E006789E9 /* Constants.swift in Sources */,
				8F41564E1DE8C92000463E6D /* BookDataStore.swift in Sources */,
				8FF7A0131E105451006175D0 /* ChatsViewController.swift in Sources */,
			);
			runOnlyForDeploymentPostprocessing = 0;
		};
/* End PBXSourcesBuildPhase section */

/* Begin PBXVariantGroup section */
		8F8BBC1A1DC00321006789E9 /* Main.storyboard */ = {
			isa = PBXVariantGroup;
			children = (
				8F8BBC1B1DC00321006789E9 /* Base */,
			);
			name = Main.storyboard;
			sourceTree = "<group>";
		};
		8F8BBC1F1DC00321006789E9 /* LaunchScreen.storyboard */ = {
			isa = PBXVariantGroup;
			children = (
				8F8BBC201DC00321006789E9 /* Base */,
			);
			name = LaunchScreen.storyboard;
			sourceTree = "<group>";
		};
/* End PBXVariantGroup section */

/* Begin XCBuildConfiguration section */
		8F8BBC231DC00321006789E9 /* Debug */ = {
			isa = XCBuildConfiguration;
			buildSettings = {
				ALWAYS_SEARCH_USER_PATHS = NO;
				CLANG_ANALYZER_NONNULL = YES;
				CLANG_CXX_LANGUAGE_STANDARD = "gnu++0x";
				CLANG_CXX_LIBRARY = "libc++";
				CLANG_ENABLE_MODULES = YES;
				CLANG_ENABLE_OBJC_ARC = YES;
				CLANG_WARN_BOOL_CONVERSION = YES;
				CLANG_WARN_CONSTANT_CONVERSION = YES;
				CLANG_WARN_DIRECT_OBJC_ISA_USAGE = YES_ERROR;
				CLANG_WARN_DOCUMENTATION_COMMENTS = YES;
				CLANG_WARN_EMPTY_BODY = YES;
				CLANG_WARN_ENUM_CONVERSION = YES;
				CLANG_WARN_INFINITE_RECURSION = YES;
				CLANG_WARN_INT_CONVERSION = YES;
				CLANG_WARN_OBJC_ROOT_CLASS = YES_ERROR;
				CLANG_WARN_SUSPICIOUS_MOVE = YES;
				CLANG_WARN_SUSPICIOUS_MOVES = YES;
				CLANG_WARN_UNREACHABLE_CODE = YES;
				CLANG_WARN__DUPLICATE_METHOD_MATCH = YES;
				"CODE_SIGN_IDENTITY[sdk=iphoneos*]" = "iPhone Developer";
				COPY_PHASE_STRIP = NO;
				DEBUG_INFORMATION_FORMAT = dwarf;
				ENABLE_STRICT_OBJC_MSGSEND = YES;
				ENABLE_TESTABILITY = YES;
				GCC_C_LANGUAGE_STANDARD = gnu99;
				GCC_DYNAMIC_NO_PIC = NO;
				GCC_NO_COMMON_BLOCKS = YES;
				GCC_OPTIMIZATION_LEVEL = 0;
				GCC_PREPROCESSOR_DEFINITIONS = (
					"DEBUG=1",
					"$(inherited)",
				);
				GCC_WARN_64_TO_32_BIT_CONVERSION = YES;
				GCC_WARN_ABOUT_RETURN_TYPE = YES_ERROR;
				GCC_WARN_UNDECLARED_SELECTOR = YES;
				GCC_WARN_UNINITIALIZED_AUTOS = YES_AGGRESSIVE;
				GCC_WARN_UNUSED_FUNCTION = YES;
				GCC_WARN_UNUSED_VARIABLE = YES;
				IPHONEOS_DEPLOYMENT_TARGET = 10.0;
				MTL_ENABLE_DEBUG_INFO = YES;
				ONLY_ACTIVE_ARCH = YES;
				SDKROOT = iphoneos;
				SWIFT_ACTIVE_COMPILATION_CONDITIONS = DEBUG;
				SWIFT_OPTIMIZATION_LEVEL = "-Onone";
				TARGETED_DEVICE_FAMILY = "1,2";
			};
			name = Debug;
		};
		8F8BBC241DC00321006789E9 /* Release */ = {
			isa = XCBuildConfiguration;
			buildSettings = {
				ALWAYS_SEARCH_USER_PATHS = NO;
				CLANG_ANALYZER_NONNULL = YES;
				CLANG_CXX_LANGUAGE_STANDARD = "gnu++0x";
				CLANG_CXX_LIBRARY = "libc++";
				CLANG_ENABLE_MODULES = YES;
				CLANG_ENABLE_OBJC_ARC = YES;
				CLANG_WARN_BOOL_CONVERSION = YES;
				CLANG_WARN_CONSTANT_CONVERSION = YES;
				CLANG_WARN_DIRECT_OBJC_ISA_USAGE = YES_ERROR;
				CLANG_WARN_DOCUMENTATION_COMMENTS = YES;
				CLANG_WARN_EMPTY_BODY = YES;
				CLANG_WARN_ENUM_CONVERSION = YES;
				CLANG_WARN_INFINITE_RECURSION = YES;
				CLANG_WARN_INT_CONVERSION = YES;
				CLANG_WARN_OBJC_ROOT_CLASS = YES_ERROR;
				CLANG_WARN_SUSPICIOUS_MOVE = YES;
				CLANG_WARN_SUSPICIOUS_MOVES = YES;
				CLANG_WARN_UNREACHABLE_CODE = YES;
				CLANG_WARN__DUPLICATE_METHOD_MATCH = YES;
				"CODE_SIGN_IDENTITY[sdk=iphoneos*]" = "iPhone Developer";
				COPY_PHASE_STRIP = NO;
				DEBUG_INFORMATION_FORMAT = "dwarf-with-dsym";
				ENABLE_NS_ASSERTIONS = NO;
				ENABLE_STRICT_OBJC_MSGSEND = YES;
				GCC_C_LANGUAGE_STANDARD = gnu99;
				GCC_NO_COMMON_BLOCKS = YES;
				GCC_WARN_64_TO_32_BIT_CONVERSION = YES;
				GCC_WARN_ABOUT_RETURN_TYPE = YES_ERROR;
				GCC_WARN_UNDECLARED_SELECTOR = YES;
				GCC_WARN_UNINITIALIZED_AUTOS = YES_AGGRESSIVE;
				GCC_WARN_UNUSED_FUNCTION = YES;
				GCC_WARN_UNUSED_VARIABLE = YES;
				IPHONEOS_DEPLOYMENT_TARGET = 10.0;
				MTL_ENABLE_DEBUG_INFO = NO;
				SDKROOT = iphoneos;
				SWIFT_OPTIMIZATION_LEVEL = "-Owholemodule";
				TARGETED_DEVICE_FAMILY = "1,2";
				VALIDATE_PRODUCT = YES;
			};
			name = Release;
		};
		8F8BBC261DC00321006789E9 /* Debug */ = {
			isa = XCBuildConfiguration;
			baseConfigurationReference = 8BF872087DFB1D785703AED9 /* Pods-Flipt.debug.xcconfig */;
			buildSettings = {
				ALWAYS_EMBED_SWIFT_STANDARD_LIBRARIES = YES;
				ASSETCATALOG_COMPILER_APPICON_NAME = AppIcon;
				CODE_SIGN_ENTITLEMENTS = Flipt/Flipt.entitlements;
				DEVELOPMENT_TEAM = WNAGBXF4G9;
				INFOPLIST_FILE = Flipt/Info.plist;
				LD_RUNPATH_SEARCH_PATHS = "$(inherited) @executable_path/Frameworks";
				PRODUCT_BUNDLE_IDENTIFIER = com.johannkerr.Flipt;
				PRODUCT_NAME = "$(TARGET_NAME)";
				SWIFT_VERSION = 3.0;
				TARGETED_DEVICE_FAMILY = 1;
			};
			name = Debug;
		};
		8F8BBC271DC00321006789E9 /* Release */ = {
			isa = XCBuildConfiguration;
			baseConfigurationReference = 124827AE2AA8658186F92F89 /* Pods-Flipt.release.xcconfig */;
			buildSettings = {
				ALWAYS_EMBED_SWIFT_STANDARD_LIBRARIES = YES;
				ASSETCATALOG_COMPILER_APPICON_NAME = AppIcon;
				CODE_SIGN_ENTITLEMENTS = Flipt/Flipt.entitlements;
				DEVELOPMENT_TEAM = WNAGBXF4G9;
				INFOPLIST_FILE = Flipt/Info.plist;
				LD_RUNPATH_SEARCH_PATHS = "$(inherited) @executable_path/Frameworks";
				PRODUCT_BUNDLE_IDENTIFIER = com.johannkerr.Flipt;
				PRODUCT_NAME = "$(TARGET_NAME)";
				SWIFT_VERSION = 3.0;
				TARGETED_DEVICE_FAMILY = 1;
			};
			name = Release;
		};
/* End XCBuildConfiguration section */

/* Begin XCConfigurationList section */
		8F8BBC0E1DC00321006789E9 /* Build configuration list for PBXProject "Flipt" */ = {
			isa = XCConfigurationList;
			buildConfigurations = (
				8F8BBC231DC00321006789E9 /* Debug */,
				8F8BBC241DC00321006789E9 /* Release */,
			);
			defaultConfigurationIsVisible = 0;
			defaultConfigurationName = Release;
		};
		8F8BBC251DC00321006789E9 /* Build configuration list for PBXNativeTarget "Flipt" */ = {
			isa = XCConfigurationList;
			buildConfigurations = (
				8F8BBC261DC00321006789E9 /* Debug */,
				8F8BBC271DC00321006789E9 /* Release */,
			);
			defaultConfigurationIsVisible = 0;
			defaultConfigurationName = Release;
		};
/* End XCConfigurationList section */

/* Begin XCVersionGroup section */
		8FD1B0B31DED3439006BC634 /* Flipt.xcdatamodeld */ = {
			isa = XCVersionGroup;
			children = (
				8FD1B0B41DED3439006BC634 /* Flipt.xcdatamodel */,
			);
			currentVersion = 8FD1B0B41DED3439006BC634 /* Flipt.xcdatamodel */;
			path = Flipt.xcdatamodeld;
			sourceTree = SOURCE_ROOT;
			versionGroupType = wrapper.xcdatamodel;
		};
/* End XCVersionGroup section */
	};
	rootObject = 8F8BBC0B1DC00321006789E9 /* Project object */;
}
